
Microsoft Visual Studio Solution File, Format Version 12.00
Project("{FAE04EC0-301F-11D3-BF4B-00C04F79EFBC}") = "Lab5A", "Lab5A\Lab5A\Lab5A.csproj", "{4A5A19C8-46FA-414E-89EE-3AB33BC4B66A}"
EndProject
Project("{FAE04EC0-301F-11D3-BF4B-00C04F79EFBC}") = "Lab5A.Android", "Lab5A\Lab5A.Android\Lab5A.Android.csproj", "{B89CC5F9-4BB9-4379-81EF-77A23A46599E}"
EndProject
Project("{FAE04EC0-301F-11D3-BF4B-00C04F79EFBC}") = "Lab5A.iOS", "Lab5A\Lab5A.iOS\Lab5A.iOS.csproj", "{F85E6E20-56FF-4A44-ACE7-642059F31D07}"
EndProject
Global
	GlobalSection(SolutionConfigurationPlatforms) = preSolution
		Ad-Hoc|iPhone = Ad-Hoc|iPhone
		AppStore|iPhone = AppStore|iPhone
		Debug|Any CPU = Debug|Any CPU
		Debug|iPhone = Debug|iPhone
		Debug|iPhoneSimulator = Debug|iPhoneSimulator
		Release|Any CPU = Release|Any CPU
		Release|iPhone = Release|iPhone
		Release|iPhoneSimulator = Release|iPhoneSimulator
	EndGlobalSection
	GlobalSection(ProjectConfigurationPlatforms) = postSolution
		{4A5A19C8-46FA-414E-89EE-3AB33BC4B66A}.Ad-Hoc|iPhone.ActiveCfg = Debug|Any CPU
		{4A5A19C8-46FA-414E-89EE-3AB33BC4B66A}.Ad-Hoc|iPhone.Build.0 = Debug|Any CPU
		{4A5A19C8-46FA-414E-89EE-3AB33BC4B66A}.AppStore|iPhone.ActiveCfg = Debug|Any CPU
		{4A5A19C8-46FA-414E-89EE-3AB33BC4B66A}.AppStore|iPhone.Build.0 = Debug|Any CPU
		{4A5A19C8-46FA-414E-89EE-3AB33BC4B66A}.Debug|Any CPU.ActiveCfg = Debug|Any CPU
		{4A5A19C8-46FA-414E-89EE-3AB33BC4B66A}.Debug|Any CPU.Build.0 = Debug|Any CPU
		{4A5A19C8-46FA-414E-89EE-3AB33BC4B66A}.Debug|iPhone.ActiveCfg = Debug|Any CPU
		{4A5A19C8-46FA-414E-89EE-3AB33BC4B66A}.Debug|iPhone.Build.0 = Debug|Any CPU
		{4A5A19C8-46FA-414E-89EE-3AB33BC4B66A}.Debug|iPhoneSimulator.ActiveCfg = Debug|Any CPU
		{4A5A19C8-46FA-414E-89EE-3AB33BC4B66A}.Debug|iPhoneSimulator.Build.0 = Debug|Any CPU
		{4A5A19C8-46FA-414E-89EE-3AB33BC4B66A}.Release|Any CPU.ActiveCfg = Release|Any CPU
		{4A5A19C8-46FA-414E-89EE-3AB33BC4B66A}.Release|Any CPU.Build.0 = Release|Any CPU
		{4A5A19C8-46FA-414E-89EE-3AB33BC4B66A}.Release|iPhone.ActiveCfg = Release|Any CPU
		{4A5A19C8-46FA-414E-89EE-3AB33BC4B66A}.Release|iPhone.Build.0 = Release|Any CPU
		{4A5A19C8-46FA-414E-89EE-3AB33BC4B66A}.Release|iPhoneSimulator.ActiveCfg = Release|Any CPU
		{4A5A19C8-46FA-414E-89EE-3AB33BC4B66A}.Release|iPhoneSimulator.Build.0 = Release|Any CPU
		{B89CC5F9-4BB9-4379-81EF-77A23A46599E}.Ad-Hoc|iPhone.ActiveCfg = Debug|Any CPU
		{B89CC5F9-4BB9-4379-81EF-77A23A46599E}.Ad-Hoc|iPhone.Build.0 = Debug|Any CPU
		{B89CC5F9-4BB9-4379-81EF-77A23A46599E}.Ad-Hoc|iPhone.Deploy.0 = Debug|Any CPU
		{B89CC5F9-4BB9-4379-81EF-77A23A46599E}.AppStore|iPhone.ActiveCfg = Debug|Any CPU
		{B89CC5F9-4BB9-4379-81EF-77A23A46599E}.AppStore|iPhone.Build.0 = Debug|Any CPU
		{B89CC5F9-4BB9-4379-81EF-77A23A46599E}.AppStore|iPhone.Deploy.0 = Debug|Any CPU
		{B89CC5F9-4BB9-4379-81EF-77A23A46599E}.Debug|Any CPU.ActiveCfg = Debug|Any CPU
		{B89CC5F9-4BB9-4379-81EF-77A23A46599E}.Debug|Any CPU.Build.0 = Debug|Any CPU
		{B89CC5F9-4BB9-4379-81EF-77A23A46599E}.Debug|Any CPU.Deploy.0 = Debug|Any CPU
		{B89CC5F9-4BB9-4379-81EF-77A23A46599E}.Debug|iPhone.ActiveCfg = Debug|Any CPU
		{B89CC5F9-4BB9-4379-81EF-77A23A46599E}.Debug|iPhone.Build.0 = Debug|Any CPU
		{B89CC5F9-4BB9-4379-81EF-77A23A46599E}.Debug|iPhone.Deploy.0 = Debug|Any CPU
		{B89CC5F9-4BB9-4379-81EF-77A23A46599E}.Debug|iPhoneSimulator.ActiveCfg = Debug|Any CPU
		{B89CC5F9-4BB9-4379-81EF-77A23A46599E}.Debug|iPhoneSimulator.Build.0 = Debug|Any CPU
		{B89CC5F9-4BB9-4379-81EF-77A23A46599E}.Debug|iPhoneSimulator.Deploy.0 = Debug|Any CPU
		{B89CC5F9-4BB9-4379-81EF-77A23A46599E}.Release|Any CPU.ActiveCfg = Release|Any CPU
		{B89CC5F9-4BB9-4379-81EF-77A23A46599E}.Release|Any CPU.Build.0 = Release|Any CPU
		{B89CC5F9-4BB9-4379-81EF-77A23A46599E}.Release|Any CPU.Deploy.0 = Release|Any CPU
		{B89CC5F9-4BB9-4379-81EF-77A23A46599E}.Release|iPhone.ActiveCfg = Release|Any CPU
		{B89CC5F9-4BB9-4379-81EF-77A23A46599E}.Release|iPhone.Build.0 = Release|Any CPU
		{B89CC5F9-4BB9-4379-81EF-77A23A46599E}.Release|iPhone.Deploy.0 = Release|Any CPU
		{B89CC5F9-4BB9-4379-81EF-77A23A46599E}.Release|iPhoneSimulator.ActiveCfg = Release|Any CPU
		{B89CC5F9-4BB9-4379-81EF-77A23A46599E}.Release|iPhoneSimulator.Build.0 = Release|Any CPU
		{B89CC5F9-4BB9-4379-81EF-77A23A46599E}.Release|iPhoneSimulator.Deploy.0 = Release|Any CPU
		{F85E6E20-56FF-4A44-ACE7-642059F31D07}.Ad-Hoc|iPhone.ActiveCfg = Ad-Hoc|iPhone
		{F85E6E20-56FF-4A44-ACE7-642059F31D07}.Ad-Hoc|iPhone.Build.0 = Ad-Hoc|iPhone
		{F85E6E20-56FF-4A44-ACE7-642059F31D07}.Ad-Hoc|iPhone.Deploy.0 = Ad-Hoc|iPhone
		{F85E6E20-56FF-4A44-ACE7-642059F31D07}.AppStore|iPhone.ActiveCfg = AppStore|iPhone
		{F85E6E20-56FF-4A44-ACE7-642059F31D07}.AppStore|iPhone.Build.0 = AppStore|iPhone
		{F85E6E20-56FF-4A44-ACE7-642059F31D07}.AppStore|iPhone.Deploy.0 = AppStore|iPhone
		{F85E6E20-56FF-4A44-ACE7-642059F31D07}.Debug|Any CPU.ActiveCfg = Debug|iPhoneSimulator
		{F85E6E20-56FF-4A44-ACE7-642059F31D07}.Debug|Any CPU.Build.0 = Debug|iPhoneSimulator
		{F85E6E20-56FF-4A44-ACE7-642059F31D07}.Debug|Any CPU.Deploy.0 = Debug|iPhoneSimulator
		{F85E6E20-56FF-4A44-ACE7-642059F31D07}.Debug|iPhone.ActiveCfg = Debug|iPhone
		{F85E6E20-56FF-4A44-ACE7-642059F31D07}.Debug|iPhone.Build.0 = Debug|iPhone
		{F85E6E20-56FF-4A44-ACE7-642059F31D07}.Debug|iPhone.Deploy.0 = Debug|iPhone
		{F85E6E20-56FF-4A44-ACE7-642059F31D07}.Debug|iPhoneSimulator.ActiveCfg = Debug|iPhoneSimulator
		{F85E6E20-56FF-4A44-ACE7-642059F31D07}.Debug|iPhoneSimulator.Build.0 = Debug|iPhoneSimulator
		{F85E6E20-56FF-4A44-ACE7-642059F31D07}.Debug|iPhoneSimulator.Deploy.0 = Debug|iPhoneSimulator
		{F85E6E20-56FF-4A44-ACE7-642059F31D07}.Release|Any CPU.ActiveCfg = Release|iPhoneSimulator
		{F85E6E20-56FF-4A44-ACE7-642059F31D07}.Release|Any CPU.Build.0 = Release|iPhoneSimulator
		{F85E6E20-56FF-4A44-ACE7-642059F31D07}.Release|Any CPU.Deploy.0 = Release|iPhoneSimulator
		{F85E6E20-56FF-4A44-ACE7-642059F31D07}.Release|iPhone.ActiveCfg = Release|iPhone
		{F85E6E20-56FF-4A44-ACE7-642059F31D07}.Release|iPhone.Build.0 = Release|iPhone
		{F85E6E20-56FF-4A44-ACE7-642059F31D07}.Release|iPhone.Deploy.0 = Release|iPhone
		{F85E6E20-56FF-4A44-ACE7-642059F31D07}.Release|iPhoneSimulator.ActiveCfg = Release|iPhoneSimulator
		{F85E6E20-56FF-4A44-ACE7-642059F31D07}.Release|iPhoneSimulator.Build.0 = Release|iPhoneSimulator
		{F85E6E20-56FF-4A44-ACE7-642059F31D07}.Release|iPhoneSimulator.Deploy.0 = Release|iPhoneSimulator
	EndGlobalSection
EndGlobal
